// !$*UTF8*$!
{
	archiveVersion = 1;
	classes = {
	};
	objectVersion = 55;
	objects = {

/* Begin PBXBuildFile section */
		10510342A268A23633706AAF /* Pods_Weather_Channel.framework in Frameworks */ = {isa = PBXBuildFile; fileRef = 9FFBAE5D7EBBD7CA03174CB2 /* Pods_Weather_Channel.framework */; };
		120997D82913A956002566FE /* LoadingView.swift in Sources */ = {isa = PBXBuildFile; fileRef = 120997D72913A955002566FE /* LoadingView.swift */; };
		120997DA2913AE35002566FE /* AddCityForecast.swift in Sources */ = {isa = PBXBuildFile; fileRef = 120997D92913AE34002566FE /* AddCityForecast.swift */; };
		120997DC2913AE75002566FE /* AddCityViewModel.swift in Sources */ = {isa = PBXBuildFile; fileRef = 120997DB2913AE75002566FE /* AddCityViewModel.swift */; };
		120997DE2913AF06002566FE /* WebService.swift in Sources */ = {isa = PBXBuildFile; fileRef = 120997DD2913AF06002566FE /* WebService.swift */; };
		120997E12913B016002566FE /* StringExtension.swift in Sources */ = {isa = PBXBuildFile; fileRef = 120997E02913B016002566FE /* StringExtension.swift */; };
		12264EB828F031C0007B10F8 /* SettingsView.swift in Sources */ = {isa = PBXBuildFile; fileRef = 12264EB728F031C0007B10F8 /* SettingsView.swift */; };
		12264EBC28F032BE007B10F8 /* Store.swift in Sources */ = {isa = PBXBuildFile; fileRef = 12264EBB28F032BE007B10F8 /* Store.swift */; };
		12264EF428F55AE8007B10F8 /* weatherVM.swift in Sources */ = {isa = PBXBuildFile; fileRef = 12264EF328F55AE8007B10F8 /* weatherVM.swift */; };
		12264EF628F55B22007B10F8 /* AddLocationViewModel.swift in Sources */ = {isa = PBXBuildFile; fileRef = 12264EF528F55B22007B10F8 /* AddLocationViewModel.swift */; };
		12264EF828F55BFA007B10F8 /* HomeScreenView.swift in Sources */ = {isa = PBXBuildFile; fileRef = 12264EF728F55BFA007B10F8 /* HomeScreenView.swift */; };
		12264EFA28F55C15007B10F8 /* AddLocationView.swift in Sources */ = {isa = PBXBuildFile; fileRef = 12264EF928F55C15007B10F8 /* AddLocationView.swift */; };
		12264EFC28F65F5A007B10F8 /* CurrentLocation.swift in Sources */ = {isa = PBXBuildFile; fileRef = 12264EFB28F65F5A007B10F8 /* CurrentLocation.swift */; };
		12264EFE28F65F7C007B10F8 /* CurrentWeather.swift in Sources */ = {isa = PBXBuildFile; fileRef = 12264EFD28F65F7C007B10F8 /* CurrentWeather.swift */; };
		12264F0028F65F9C007B10F8 /* WeatherPane.swift in Sources */ = {isa = PBXBuildFile; fileRef = 12264EFF28F65F9C007B10F8 /* WeatherPane.swift */; };
		12264F0228F65FB2007B10F8 /* WeatherDay.swift in Sources */ = {isa = PBXBuildFile; fileRef = 12264F0128F65FB2007B10F8 /* WeatherDay.swift */; };
		12264F0628F65FE5007B10F8 /* LocationList.swift in Sources */ = {isa = PBXBuildFile; fileRef = 12264F0528F65FE5007B10F8 /* LocationList.swift */; };
		12264F0828F65FF8007B10F8 /* TopNavBar.swift in Sources */ = {isa = PBXBuildFile; fileRef = 12264F0728F65FF8007B10F8 /* TopNavBar.swift */; };
		12264F0A28F6600D007B10F8 /* About.swift in Sources */ = {isa = PBXBuildFile; fileRef = 12264F0928F6600D007B10F8 /* About.swift */; };
		12264F0C28F66044007B10F8 /* AddLocation.swift in Sources */ = {isa = PBXBuildFile; fileRef = 12264F0B28F66044007B10F8 /* AddLocation.swift */; };
		12264F0E28F66068007B10F8 /* Settings.swift in Sources */ = {isa = PBXBuildFile; fileRef = 12264F0D28F66068007B10F8 /* Settings.swift */; };
		12264F1028F660B5007B10F8 /* Time.swift in Sources */ = {isa = PBXBuildFile; fileRef = 12264F0F28F660B5007B10F8 /* Time.swift */; };
		12264F1228F66128007B10F8 /* UserDefault.swift in Sources */ = {isa = PBXBuildFile; fileRef = 12264F1128F66128007B10F8 /* UserDefault.swift */; };
		12264F1428F66142007B10F8 /* FileManager.swift in Sources */ = {isa = PBXBuildFile; fileRef = 12264F1328F66142007B10F8 /* FileManager.swift */; };
		12264F1628F6618B007B10F8 /* Constants.swift in Sources */ = {isa = PBXBuildFile; fileRef = 12264F1528F6618B007B10F8 /* Constants.swift */; };
		125B538528CEFF330046B868 /* Weather_ChannelApp.swift in Sources */ = {isa = PBXBuildFile; fileRef = 125B538428CEFF330046B868 /* Weather_ChannelApp.swift */; };
		125B538728CEFF330046B868 /* ContentView.swift in Sources */ = {isa = PBXBuildFile; fileRef = 125B538628CEFF330046B868 /* ContentView.swift */; };
		125B539D28CF05B90046B868 /* API.swift in Sources */ = {isa = PBXBuildFile; fileRef = 125B539C28CF05B90046B868 /* API.swift */; };
		125B53A528CF0F030046B868 /* Weather.swift in Sources */ = {isa = PBXBuildFile; fileRef = 125B53A428CF0F030046B868 /* Weather.swift */; };
		125D221728D2CDE8001A9642 /* nightFewClouds.json in Resources */ = {isa = PBXBuildFile; fileRef = 125D220528D2CDE3001A9642 /* nightFewClouds.json */; };
		125D221828D2CDE8001A9642 /* nightClearSky.json in Resources */ = {isa = PBXBuildFile; fileRef = 125D220628D2CDE5001A9642 /* nightClearSky.json */; };
		125D221928D2CDE8001A9642 /* daySnow.json in Resources */ = {isa = PBXBuildFile; fileRef = 125D220728D2CDE5001A9642 /* daySnow.json */; };
		125D221A28D2CDE8001A9642 /* nightThunderstorm.json in Resources */ = {isa = PBXBuildFile; fileRef = 125D220828D2CDE5001A9642 /* nightThunderstorm.json */; };
		125D221B28D2CDE8001A9642 /* dayShowerRains.json in Resources */ = {isa = PBXBuildFile; fileRef = 125D220928D2CDE5001A9642 /* dayShowerRains.json */; };
		125D221C28D2CDE8001A9642 /* dayClearSky.json in Resources */ = {isa = PBXBuildFile; fileRef = 125D220A28D2CDE5001A9642 /* dayClearSky.json */; };
		125D221D28D2CDE8001A9642 /* nightBrokenClouds.json in Resources */ = {isa = PBXBuildFile; fileRef = 125D220B28D2CDE5001A9642 /* nightBrokenClouds.json */; };
		125D221E28D2CDE8001A9642 /* nightRain.json in Resources */ = {isa = PBXBuildFile; fileRef = 125D220C28D2CDE5001A9642 /* nightRain.json */; };
		125D221F28D2CDE8001A9642 /* dayBrokenClouds.json in Resources */ = {isa = PBXBuildFile; fileRef = 125D220D28D2CDE6001A9642 /* dayBrokenClouds.json */; };
		125D222028D2CDE8001A9642 /* nightScatteredClouds.json in Resources */ = {isa = PBXBuildFile; fileRef = 125D220E28D2CDE6001A9642 /* nightScatteredClouds.json */; };
		125D222128D2CDE8001A9642 /* dayFewClouds.json in Resources */ = {isa = PBXBuildFile; fileRef = 125D220F28D2CDE6001A9642 /* dayFewClouds.json */; };
		125D222228D2CDE8001A9642 /* dayThunderstorm.json in Resources */ = {isa = PBXBuildFile; fileRef = 125D221028D2CDE6001A9642 /* dayThunderstorm.json */; };
		125D222328D2CDE8001A9642 /* nightSnow.json in Resources */ = {isa = PBXBuildFile; fileRef = 125D221128D2CDE6001A9642 /* nightSnow.json */; };
		125D222428D2CDE8001A9642 /* dayScatteredClouds.json in Resources */ = {isa = PBXBuildFile; fileRef = 125D221228D2CDE7001A9642 /* dayScatteredClouds.json */; };
		125D222528D2CDE8001A9642 /* nightShowerRains.json in Resources */ = {isa = PBXBuildFile; fileRef = 125D221328D2CDE7001A9642 /* nightShowerRains.json */; };
		125D222628D2CDE8001A9642 /* dayRain.json in Resources */ = {isa = PBXBuildFile; fileRef = 125D221428D2CDE7001A9642 /* dayRain.json */; };
		125D222728D2CDE8001A9642 /* nightMist.json in Resources */ = {isa = PBXBuildFile; fileRef = 125D221528D2CDE7001A9642 /* nightMist.json */; };
		125D222828D2CDE8001A9642 /* dayMist.json in Resources */ = {isa = PBXBuildFile; fileRef = 125D221628D2CDE7001A9642 /* dayMist.json */; };
		1282578A290121B600DA5B86 /* WelcomeView.swift in Sources */ = {isa = PBXBuildFile; fileRef = 12825789290121B600DA5B86 /* WelcomeView.swift */; };
		1282578C2901220F00DA5B86 /* Next5DaysView.swift in Sources */ = {isa = PBXBuildFile; fileRef = 1282578B2901220F00DA5B86 /* Next5DaysView.swift */; };
		1282578E2901227300DA5B86 /* LocationManager.swift in Sources */ = {isa = PBXBuildFile; fileRef = 1282578D2901227300DA5B86 /* LocationManager.swift */; };
		128933D728FD3B0F00936BDB /* SplashScreenView.swift in Sources */ = {isa = PBXBuildFile; fileRef = 128933D628FD3B0F00936BDB /* SplashScreenView.swift */; };
		128933D928FE5AA700936BDB /* PersistenceManager.swift in Sources */ = {isa = PBXBuildFile; fileRef = 128933D828FE5AA700936BDB /* PersistenceManager.swift */; };
		128DDADD292249E000679BB7 /* MainScreen.swift in Sources */ = {isa = PBXBuildFile; fileRef = 128DDADC292249E000679BB7 /* MainScreen.swift */; };
		128DDADF29224A0700679BB7 /* WeatherManager.swift in Sources */ = {isa = PBXBuildFile; fileRef = 128DDADE29224A0700679BB7 /* WeatherManager.swift */; };
		128F4F7B291A37330004C14B /* WeatherCell.swift in Sources */ = {isa = PBXBuildFile; fileRef = 128F4F7A291A37330004C14B /* WeatherCell.swift */; };
		128F4F7D291A37A50004C14B /* DetailedViewModel.swift in Sources */ = {isa = PBXBuildFile; fileRef = 128F4F7C291A37A50004C14B /* DetailedViewModel.swift */; };
		128F4F7F291A37C00004C14B /* ForecastList.swift in Sources */ = {isa = PBXBuildFile; fileRef = 128F4F7E291A37C00004C14B /* ForecastList.swift */; };
		128F4F81291A380A0004C14B /* DetailScreen.swift in Sources */ = {isa = PBXBuildFile; fileRef = 128F4F80291A380A0004C14B /* DetailScreen.swift */; };
		128F4F83291A38AD0004C14B /* FailedView.swift in Sources */ = {isa = PBXBuildFile; fileRef = 128F4F82291A38AD0004C14B /* FailedView.swift */; };
		128F4F87291E4B870004C14B /* DailyRow.swift in Sources */ = {isa = PBXBuildFile; fileRef = 128F4F86291E4B870004C14B /* DailyRow.swift */; };
		12B31B8728F6A8760013331B /* Assets.xcassets in Resources */ = {isa = PBXBuildFile; fileRef = 12B31B8628F6A8750013331B /* Assets.xcassets */; };
		12B31B8928F6A8850013331B /* Preview Content in Resources */ = {isa = PBXBuildFile; fileRef = 12B31B8828F6A8850013331B /* Preview Content */; };
/* End PBXBuildFile section */

/* Begin PBXFileReference section */
		120997D62913A38B002566FE /* Weather-Channel-Info.plist */ = {isa = PBXFileReference; lastKnownFileType = text.plist; path = "Weather-Channel-Info.plist"; sourceTree = SOURCE_ROOT; };
		120997D72913A955002566FE /* LoadingView.swift */ = {isa = PBXFileReference; lastKnownFileType = sourcecode.swift; path = LoadingView.swift; sourceTree = "<group>"; };
		120997D92913AE34002566FE /* AddCityForecast.swift */ = {isa = PBXFileReference; lastKnownFileType = sourcecode.swift; path = AddCityForecast.swift; sourceTree = "<group>"; };
		120997DB2913AE75002566FE /* AddCityViewModel.swift */ = {isa = PBXFileReference; lastKnownFileType = sourcecode.swift; path = AddCityViewModel.swift; sourceTree = "<group>"; };
		120997DD2913AF06002566FE /* WebService.swift */ = {isa = PBXFileReference; fileEncoding = 4; lastKnownFileType = sourcecode.swift; path = WebService.swift; sourceTree = "<group>"; };
		120997E02913B016002566FE /* StringExtension.swift */ = {isa = PBXFileReference; fileEncoding = 4; lastKnownFileType = sourcecode.swift; path = StringExtension.swift; sourceTree = "<group>"; };
		12264EB728F031C0007B10F8 /* SettingsView.swift */ = {isa = PBXFileReference; lastKnownFileType = sourcecode.swift; path = SettingsView.swift; sourceTree = "<group>"; };
		12264EBB28F032BE007B10F8 /* Store.swift */ = {isa = PBXFileReference; lastKnownFileType = sourcecode.swift; path = Store.swift; sourceTree = "<group>"; };
		12264EF328F55AE8007B10F8 /* weatherVM.swift */ = {isa = PBXFileReference; lastKnownFileType = sourcecode.swift; path = weatherVM.swift; sourceTree = "<group>"; };
		12264EF528F55B22007B10F8 /* AddLocationViewModel.swift */ = {isa = PBXFileReference; lastKnownFileType = sourcecode.swift; path = AddLocationViewModel.swift; sourceTree = "<group>"; };
		12264EF728F55BFA007B10F8 /* HomeScreenView.swift */ = {isa = PBXFileReference; lastKnownFileType = sourcecode.swift; path = HomeScreenView.swift; sourceTree = "<group>"; };
		12264EF928F55C15007B10F8 /* AddLocationView.swift */ = {isa = PBXFileReference; lastKnownFileType = sourcecode.swift; path = AddLocationView.swift; sourceTree = "<group>"; };
		12264EFB28F65F5A007B10F8 /* CurrentLocation.swift */ = {isa = PBXFileReference; lastKnownFileType = sourcecode.swift; path = CurrentLocation.swift; sourceTree = "<group>"; };
		12264EFD28F65F7C007B10F8 /* CurrentWeather.swift */ = {isa = PBXFileReference; lastKnownFileType = sourcecode.swift; path = CurrentWeather.swift; sourceTree = "<group>"; };
		12264EFF28F65F9C007B10F8 /* WeatherPane.swift */ = {isa = PBXFileReference; lastKnownFileType = sourcecode.swift; path = WeatherPane.swift; sourceTree = "<group>"; };
		12264F0128F65FB2007B10F8 /* WeatherDay.swift */ = {isa = PBXFileReference; lastKnownFileType = sourcecode.swift; path = WeatherDay.swift; sourceTree = "<group>"; };
		12264F0528F65FE5007B10F8 /* LocationList.swift */ = {isa = PBXFileReference; lastKnownFileType = sourcecode.swift; path = LocationList.swift; sourceTree = "<group>"; };
		12264F0728F65FF8007B10F8 /* TopNavBar.swift */ = {isa = PBXFileReference; lastKnownFileType = sourcecode.swift; path = TopNavBar.swift; sourceTree = "<group>"; };
		12264F0928F6600D007B10F8 /* About.swift */ = {isa = PBXFileReference; lastKnownFileType = sourcecode.swift; path = About.swift; sourceTree = "<group>"; };
		12264F0B28F66044007B10F8 /* AddLocation.swift */ = {isa = PBXFileReference; lastKnownFileType = sourcecode.swift; path = AddLocation.swift; sourceTree = "<group>"; };
		12264F0D28F66068007B10F8 /* Settings.swift */ = {isa = PBXFileReference; lastKnownFileType = sourcecode.swift; path = Settings.swift; sourceTree = "<group>"; };
		12264F0F28F660B5007B10F8 /* Time.swift */ = {isa = PBXFileReference; lastKnownFileType = sourcecode.swift; path = Time.swift; sourceTree = "<group>"; };
		12264F1128F66128007B10F8 /* UserDefault.swift */ = {isa = PBXFileReference; lastKnownFileType = sourcecode.swift; path = UserDefault.swift; sourceTree = "<group>"; };
		12264F1328F66142007B10F8 /* FileManager.swift */ = {isa = PBXFileReference; lastKnownFileType = sourcecode.swift; path = FileManager.swift; sourceTree = "<group>"; };
		12264F1528F6618B007B10F8 /* Constants.swift */ = {isa = PBXFileReference; lastKnownFileType = sourcecode.swift; path = Constants.swift; sourceTree = "<group>"; };
		125B538128CEFF330046B868 /* Weather Channel.app */ = {isa = PBXFileReference; explicitFileType = wrapper.application; includeInIndex = 0; path = "Weather Channel.app"; sourceTree = BUILT_PRODUCTS_DIR; };
		125B538428CEFF330046B868 /* Weather_ChannelApp.swift */ = {isa = PBXFileReference; lastKnownFileType = sourcecode.swift; path = Weather_ChannelApp.swift; sourceTree = "<group>"; };
		125B538628CEFF330046B868 /* ContentView.swift */ = {isa = PBXFileReference; lastKnownFileType = sourcecode.swift; path = ContentView.swift; sourceTree = "<group>"; };
		125B539C28CF05B90046B868 /* API.swift */ = {isa = PBXFileReference; lastKnownFileType = sourcecode.swift; path = API.swift; sourceTree = "<group>"; };
		125B53A428CF0F030046B868 /* Weather.swift */ = {isa = PBXFileReference; lastKnownFileType = sourcecode.swift; path = Weather.swift; sourceTree = "<group>"; };
		125D220528D2CDE3001A9642 /* nightFewClouds.json */ = {isa = PBXFileReference; fileEncoding = 4; lastKnownFileType = text.json; path = nightFewClouds.json; sourceTree = "<group>"; };
		125D220628D2CDE5001A9642 /* nightClearSky.json */ = {isa = PBXFileReference; fileEncoding = 4; lastKnownFileType = text.json; path = nightClearSky.json; sourceTree = "<group>"; };
		125D220728D2CDE5001A9642 /* daySnow.json */ = {isa = PBXFileReference; fileEncoding = 4; lastKnownFileType = text.json; path = daySnow.json; sourceTree = "<group>"; };
		125D220828D2CDE5001A9642 /* nightThunderstorm.json */ = {isa = PBXFileReference; fileEncoding = 4; lastKnownFileType = text.json; path = nightThunderstorm.json; sourceTree = "<group>"; };
		125D220928D2CDE5001A9642 /* dayShowerRains.json */ = {isa = PBXFileReference; fileEncoding = 4; lastKnownFileType = text.json; path = dayShowerRains.json; sourceTree = "<group>"; };
		125D220A28D2CDE5001A9642 /* dayClearSky.json */ = {isa = PBXFileReference; fileEncoding = 4; lastKnownFileType = text.json; path = dayClearSky.json; sourceTree = "<group>"; };
		125D220B28D2CDE5001A9642 /* nightBrokenClouds.json */ = {isa = PBXFileReference; fileEncoding = 4; lastKnownFileType = text.json; path = nightBrokenClouds.json; sourceTree = "<group>"; };
		125D220C28D2CDE5001A9642 /* nightRain.json */ = {isa = PBXFileReference; fileEncoding = 4; lastKnownFileType = text.json; path = nightRain.json; sourceTree = "<group>"; };
		125D220D28D2CDE6001A9642 /* dayBrokenClouds.json */ = {isa = PBXFileReference; fileEncoding = 4; lastKnownFileType = text.json; path = dayBrokenClouds.json; sourceTree = "<group>"; };
		125D220E28D2CDE6001A9642 /* nightScatteredClouds.json */ = {isa = PBXFileReference; fileEncoding = 4; lastKnownFileType = text.json; path = nightScatteredClouds.json; sourceTree = "<group>"; };
		125D220F28D2CDE6001A9642 /* dayFewClouds.json */ = {isa = PBXFileReference; fileEncoding = 4; lastKnownFileType = text.json; path = dayFewClouds.json; sourceTree = "<group>"; };
		125D221028D2CDE6001A9642 /* dayThunderstorm.json */ = {isa = PBXFileReference; fileEncoding = 4; lastKnownFileType = text.json; path = dayThunderstorm.json; sourceTree = "<group>"; };
		125D221128D2CDE6001A9642 /* nightSnow.json */ = {isa = PBXFileReference; fileEncoding = 4; lastKnownFileType = text.json; path = nightSnow.json; sourceTree = "<group>"; };
		125D221228D2CDE7001A9642 /* dayScatteredClouds.json */ = {isa = PBXFileReference; fileEncoding = 4; lastKnownFileType = text.json; path = dayScatteredClouds.json; sourceTree = "<group>"; };
		125D221328D2CDE7001A9642 /* nightShowerRains.json */ = {isa = PBXFileReference; fileEncoding = 4; lastKnownFileType = text.json; path = nightShowerRains.json; sourceTree = "<group>"; };
		125D221428D2CDE7001A9642 /* dayRain.json */ = {isa = PBXFileReference; fileEncoding = 4; lastKnownFileType = text.json; path = dayRain.json; sourceTree = "<group>"; };
		125D221528D2CDE7001A9642 /* nightMist.json */ = {isa = PBXFileReference; fileEncoding = 4; lastKnownFileType = text.json; path = nightMist.json; sourceTree = "<group>"; };
		125D221628D2CDE7001A9642 /* dayMist.json */ = {isa = PBXFileReference; fileEncoding = 4; lastKnownFileType = text.json; path = dayMist.json; sourceTree = "<group>"; };
		12825789290121B600DA5B86 /* WelcomeView.swift */ = {isa = PBXFileReference; lastKnownFileType = sourcecode.swift; path = WelcomeView.swift; sourceTree = "<group>"; };
		1282578B2901220F00DA5B86 /* Next5DaysView.swift */ = {isa = PBXFileReference; lastKnownFileType = sourcecode.swift; path = Next5DaysView.swift; sourceTree = "<group>"; };
		1282578D2901227300DA5B86 /* LocationManager.swift */ = {isa = PBXFileReference; lastKnownFileType = sourcecode.swift; path = LocationManager.swift; sourceTree = "<group>"; };
		128933D628FD3B0F00936BDB /* SplashScreenView.swift */ = {isa = PBXFileReference; lastKnownFileType = sourcecode.swift; path = SplashScreenView.swift; sourceTree = "<group>"; };
		128933D828FE5AA700936BDB /* PersistenceManager.swift */ = {isa = PBXFileReference; lastKnownFileType = sourcecode.swift; path = PersistenceManager.swift; sourceTree = "<group>"; };
		128DDADC292249E000679BB7 /* MainScreen.swift */ = {isa = PBXFileReference; fileEncoding = 4; lastKnownFileType = sourcecode.swift; path = MainScreen.swift; sourceTree = "<group>"; };
		128DDADE29224A0700679BB7 /* WeatherManager.swift */ = {isa = PBXFileReference; fileEncoding = 4; lastKnownFileType = sourcecode.swift; path = WeatherManager.swift; sourceTree = "<group>"; };
		128F4F7A291A37330004C14B /* WeatherCell.swift */ = {isa = PBXFileReference; fileEncoding = 4; lastKnownFileType = sourcecode.swift; path = WeatherCell.swift; sourceTree = "<group>"; };
		128F4F7C291A37A50004C14B /* DetailedViewModel.swift */ = {isa = PBXFileReference; fileEncoding = 4; lastKnownFileType = sourcecode.swift; path = DetailedViewModel.swift; sourceTree = "<group>"; };
		128F4F7E291A37C00004C14B /* ForecastList.swift */ = {isa = PBXFileReference; fileEncoding = 4; lastKnownFileType = sourcecode.swift; path = ForecastList.swift; sourceTree = "<group>"; };
		128F4F80291A380A0004C14B /* DetailScreen.swift */ = {isa = PBXFileReference; fileEncoding = 4; lastKnownFileType = sourcecode.swift; path = DetailScreen.swift; sourceTree = "<group>"; };
		128F4F82291A38AD0004C14B /* FailedView.swift */ = {isa = PBXFileReference; fileEncoding = 4; lastKnownFileType = sourcecode.swift; path = FailedView.swift; sourceTree = "<group>"; };
		128F4F86291E4B870004C14B /* DailyRow.swift */ = {isa = PBXFileReference; fileEncoding = 4; lastKnownFileType = sourcecode.swift; path = DailyRow.swift; sourceTree = "<group>"; };
		12B31B8628F6A8750013331B /* Assets.xcassets */ = {isa = PBXFileReference; lastKnownFileType = folder.assetcatalog; name = Assets.xcassets; path = "Weather Channel/Assets.xcassets"; sourceTree = "<group>"; };
		12B31B8828F6A8850013331B /* Preview Content */ = {isa = PBXFileReference; lastKnownFileType = folder; name = "Preview Content"; path = "Weather Channel/Preview Content"; sourceTree = "<group>"; };
		5A31A178568315D703005227 /* Pods-Weather Channel.release.xcconfig */ = {isa = PBXFileReference; includeInIndex = 1; lastKnownFileType = text.xcconfig; name = "Pods-Weather Channel.release.xcconfig"; path = "Target Support Files/Pods-Weather Channel/Pods-Weather Channel.release.xcconfig"; sourceTree = "<group>"; };
		750DCF85BFCF4007C08F29CD /* Pods-Weather Channel.debug.xcconfig */ = {isa = PBXFileReference; includeInIndex = 1; lastKnownFileType = text.xcconfig; name = "Pods-Weather Channel.debug.xcconfig"; path = "Target Support Files/Pods-Weather Channel/Pods-Weather Channel.debug.xcconfig"; sourceTree = "<group>"; };
		9FFBAE5D7EBBD7CA03174CB2 /* Pods_Weather_Channel.framework */ = {isa = PBXFileReference; explicitFileType = wrapper.framework; includeInIndex = 0; path = Pods_Weather_Channel.framework; sourceTree = BUILT_PRODUCTS_DIR; };
/* End PBXFileReference section */

/* Begin PBXFrameworksBuildPhase section */
		125B537E28CEFF330046B868 /* Frameworks */ = {
			isa = PBXFrameworksBuildPhase;
			buildActionMask = 2147483647;
			files = (
				10510342A268A23633706AAF /* Pods_Weather_Channel.framework in Frameworks */,
			);
			runOnlyForDeploymentPostprocessing = 0;
		};
/* End PBXFrameworksBuildPhase section */

/* Begin PBXGroup section */
		120997DF2913AFFD002566FE /* Extensions */ = {
			isa = PBXGroup;
			children = (
				120997E02913B016002566FE /* StringExtension.swift */,
			);
			path = Extensions;
			sourceTree = "<group>";
		};
		12264EF028F5594D007B10F8 /* App */ = {
			isa = PBXGroup;
			children = (
				125B538628CEFF330046B868 /* ContentView.swift */,
				128933D828FE5AA700936BDB /* PersistenceManager.swift */,
				125B538428CEFF330046B868 /* Weather_ChannelApp.swift */,
			);
			path = App;
			sourceTree = "<group>";
		};
		12264EF128F5597D007B10F8 /* Details */ = {
			isa = PBXGroup;
			children = (
				12264F0528F65FE5007B10F8 /* LocationList.swift */,
				12264F0128F65FB2007B10F8 /* WeatherDay.swift */,
				12264EFD28F65F7C007B10F8 /* CurrentWeather.swift */,
				12264EFB28F65F5A007B10F8 /* CurrentLocation.swift */,
				12264EFF28F65F9C007B10F8 /* WeatherPane.swift */,
				12264F0728F65FF8007B10F8 /* TopNavBar.swift */,
				12264F0928F6600D007B10F8 /* About.swift */,
			);
			path = Details;
			sourceTree = "<group>";
		};
		12264EF228F559A4007B10F8 /* Constants */ = {
			isa = PBXGroup;
			children = (
				12264F1528F6618B007B10F8 /* Constants.swift */,
			);
			path = Constants;
			sourceTree = "<group>";
		};
		125B537828CEFF330046B868 = {
			isa = PBXGroup;
			children = (
				12B31B8828F6A8850013331B /* Preview Content */,
				12B31B8628F6A8750013331B /* Assets.xcassets */,
				125B538328CEFF330046B868 /* Weather Channel */,
				125B538228CEFF330046B868 /* Products */,
				322903F209ABD14797189A7A /* Pods */,
				844C3656CFE2B26401F7A6CE /* Frameworks */,
			);
			sourceTree = "<group>";
		};
		125B538228CEFF330046B868 /* Products */ = {
			isa = PBXGroup;
			children = (
				125B538128CEFF330046B868 /* Weather Channel.app */,
			);
			name = Products;
			sourceTree = "<group>";
		};
		125B538328CEFF330046B868 /* Weather Channel */ = {
			isa = PBXGroup;
			children = (
				120997D62913A38B002566FE /* Weather-Channel-Info.plist */,
				125B539B28CF050E0046B868 /* Lottie Animations */,
				12264EF028F5594D007B10F8 /* App */,
				125B539A28CF04F90046B868 /* View Models */,
				125B539928CF04EE0046B868 /* Views */,
				12264EF128F5597D007B10F8 /* Details */,
				125B539528CF04C20046B868 /* Models */,
				125B539428CF04B90046B868 /* Networking */,
				12264EF228F559A4007B10F8 /* Constants */,
				120997DF2913AFFD002566FE /* Extensions */,
			);
			path = "Weather Channel";
			sourceTree = "<group>";
		};
		125B539428CF04B90046B868 /* Networking */ = {
			isa = PBXGroup;
			children = (
				128DDADE29224A0700679BB7 /* WeatherManager.swift */,
				120997DD2913AF06002566FE /* WebService.swift */,
				125B539C28CF05B90046B868 /* API.swift */,
				12264F0F28F660B5007B10F8 /* Time.swift */,
				12264EBB28F032BE007B10F8 /* Store.swift */,
				12264F1128F66128007B10F8 /* UserDefault.swift */,
				12264F1328F66142007B10F8 /* FileManager.swift */,
				1282578D2901227300DA5B86 /* LocationManager.swift */,
			);
			path = Networking;
			sourceTree = "<group>";
		};
		125B539528CF04C20046B868 /* Models */ = {
			isa = PBXGroup;
			children = (
				125B53A428CF0F030046B868 /* Weather.swift */,
				12264F0B28F66044007B10F8 /* AddLocation.swift */,
				12264F0D28F66068007B10F8 /* Settings.swift */,
				120997D92913AE34002566FE /* AddCityForecast.swift */,
			);
			path = Models;
			sourceTree = "<group>";
		};
		125B539928CF04EE0046B868 /* Views */ = {
			isa = PBXGroup;
			children = (
				128933D628FD3B0F00936BDB /* SplashScreenView.swift */,
				12825789290121B600DA5B86 /* WelcomeView.swift */,
				12264EF728F55BFA007B10F8 /* HomeScreenView.swift */,
				128DDADC292249E000679BB7 /* MainScreen.swift */,
				120997D72913A955002566FE /* LoadingView.swift */,
				1282578B2901220F00DA5B86 /* Next5DaysView.swift */,
				12264EF928F55C15007B10F8 /* AddLocationView.swift */,
				12264EB728F031C0007B10F8 /* SettingsView.swift */,
				128F4F7A291A37330004C14B /* WeatherCell.swift */,
				128F4F80291A380A0004C14B /* DetailScreen.swift */,
				128F4F82291A38AD0004C14B /* FailedView.swift */,
				128F4F86291E4B870004C14B /* DailyRow.swift */,
				128F4F7E291A37C00004C14B /* ForecastList.swift */,
			);
			path = Views;
			sourceTree = "<group>";
		};
		125B539A28CF04F90046B868 /* View Models */ = {
			isa = PBXGroup;
			children = (
				12264EF528F55B22007B10F8 /* AddLocationViewModel.swift */,
				12264EF328F55AE8007B10F8 /* weatherVM.swift */,
				128F4F7C291A37A50004C14B /* DetailedViewModel.swift */,
				120997DB2913AE75002566FE /* AddCityViewModel.swift */,
			);
			path = "View Models";
			sourceTree = "<group>";
		};
		125B539B28CF050E0046B868 /* Lottie Animations */ = {
			isa = PBXGroup;
			children = (
				125D220D28D2CDE6001A9642 /* dayBrokenClouds.json */,
				125D220A28D2CDE5001A9642 /* dayClearSky.json */,
				125D220F28D2CDE6001A9642 /* dayFewClouds.json */,
				125D221628D2CDE7001A9642 /* dayMist.json */,
				125D221428D2CDE7001A9642 /* dayRain.json */,
				125D221228D2CDE7001A9642 /* dayScatteredClouds.json */,
				125D220928D2CDE5001A9642 /* dayShowerRains.json */,
				125D220728D2CDE5001A9642 /* daySnow.json */,
				125D221028D2CDE6001A9642 /* dayThunderstorm.json */,
				125D220B28D2CDE5001A9642 /* nightBrokenClouds.json */,
				125D220628D2CDE5001A9642 /* nightClearSky.json */,
				125D220528D2CDE3001A9642 /* nightFewClouds.json */,
				125D221528D2CDE7001A9642 /* nightMist.json */,
				125D220C28D2CDE5001A9642 /* nightRain.json */,
				125D220E28D2CDE6001A9642 /* nightScatteredClouds.json */,
				125D221328D2CDE7001A9642 /* nightShowerRains.json */,
				125D221128D2CDE6001A9642 /* nightSnow.json */,
				125D220828D2CDE5001A9642 /* nightThunderstorm.json */,
			);
			path = "Lottie Animations";
			sourceTree = "<group>";
		};
		322903F209ABD14797189A7A /* Pods */ = {
			isa = PBXGroup;
			children = (
				750DCF85BFCF4007C08F29CD /* Pods-Weather Channel.debug.xcconfig */,
				5A31A178568315D703005227 /* Pods-Weather Channel.release.xcconfig */,
			);
			path = Pods;
			sourceTree = "<group>";
		};
		844C3656CFE2B26401F7A6CE /* Frameworks */ = {
			isa = PBXGroup;
			children = (
				9FFBAE5D7EBBD7CA03174CB2 /* Pods_Weather_Channel.framework */,
			);
			name = Frameworks;
			sourceTree = "<group>";
		};
/* End PBXGroup section */

/* Begin PBXNativeTarget section */
		125B538028CEFF330046B868 /* Weather Channel */ = {
			isa = PBXNativeTarget;
			buildConfigurationList = 125B538F28CEFF380046B868 /* Build configuration list for PBXNativeTarget "Weather Channel" */;
			buildPhases = (
				C584D9BA379073BA8E13A34F /* [CP] Check Pods Manifest.lock */,
				125B537D28CEFF330046B868 /* Sources */,
				125B537E28CEFF330046B868 /* Frameworks */,
				125B537F28CEFF330046B868 /* Resources */,
				1A1FBAB15D41A4B3EFEB2E0E /* [CP] Embed Pods Frameworks */,
			);
			buildRules = (
			);
			dependencies = (
			);
			name = "Weather Channel";
			productName = "Weather Channel";
			productReference = 125B538128CEFF330046B868 /* Weather Channel.app */;
			productType = "com.apple.product-type.application";
		};
/* End PBXNativeTarget section */

/* Begin PBXProject section */
		125B537928CEFF330046B868 /* Project object */ = {
			isa = PBXProject;
			attributes = {
				BuildIndependentTargetsInParallel = 1;
				LastSwiftUpdateCheck = 1340;
				LastUpgradeCheck = 1340;
				TargetAttributes = {
					125B538028CEFF330046B868 = {
						CreatedOnToolsVersion = 13.4.1;
					};
				};
			};
			buildConfigurationList = 125B537C28CEFF330046B868 /* Build configuration list for PBXProject "Weather Channel" */;
			compatibilityVersion = "Xcode 13.0";
			developmentRegion = en;
			hasScannedForEncodings = 0;
			knownRegions = (
				en,
				Base,
			);
			mainGroup = 125B537828CEFF330046B868;
			productRefGroup = 125B538228CEFF330046B868 /* Products */;
			projectDirPath = "";
			projectRoot = "";
			targets = (
				125B538028CEFF330046B868 /* Weather Channel */,
			);
		};
/* End PBXProject section */

/* Begin PBXResourcesBuildPhase section */
		125B537F28CEFF330046B868 /* Resources */ = {
			isa = PBXResourcesBuildPhase;
			buildActionMask = 2147483647;
			files = (
				125D222728D2CDE8001A9642 /* nightMist.json in Resources */,
				125D221928D2CDE8001A9642 /* daySnow.json in Resources */,
				125D221A28D2CDE8001A9642 /* nightThunderstorm.json in Resources */,
				12B31B8728F6A8760013331B /* Assets.xcassets in Resources */,
				125D221728D2CDE8001A9642 /* nightFewClouds.json in Resources */,
				125D222628D2CDE8001A9642 /* dayRain.json in Resources */,
				125D222028D2CDE8001A9642 /* nightScatteredClouds.json in Resources */,
				125D222828D2CDE8001A9642 /* dayMist.json in Resources */,
				125D221F28D2CDE8001A9642 /* dayBrokenClouds.json in Resources */,
				125D222428D2CDE8001A9642 /* dayScatteredClouds.json in Resources */,
				125D222528D2CDE8001A9642 /* nightShowerRains.json in Resources */,
				125D222128D2CDE8001A9642 /* dayFewClouds.json in Resources */,
				125D221E28D2CDE8001A9642 /* nightRain.json in Resources */,
				125D221C28D2CDE8001A9642 /* dayClearSky.json in Resources */,
				125D222228D2CDE8001A9642 /* dayThunderstorm.json in Resources */,
				125D221B28D2CDE8001A9642 /* dayShowerRains.json in Resources */,
				12B31B8928F6A8850013331B /* Preview Content in Resources */,
				125D221828D2CDE8001A9642 /* nightClearSky.json in Resources */,
				125D221D28D2CDE8001A9642 /* nightBrokenClouds.json in Resources */,
				125D222328D2CDE8001A9642 /* nightSnow.json in Resources */,
			);
			runOnlyForDeploymentPostprocessing = 0;
		};
/* End PBXResourcesBuildPhase section */

/* Begin PBXShellScriptBuildPhase section */
		1A1FBAB15D41A4B3EFEB2E0E /* [CP] Embed Pods Frameworks */ = {
			isa = PBXShellScriptBuildPhase;
			buildActionMask = 2147483647;
			files = (
			);
			inputFileListPaths = (
				"${PODS_ROOT}/Target Support Files/Pods-Weather Channel/Pods-Weather Channel-frameworks-${CONFIGURATION}-input-files.xcfilelist",
			);
			name = "[CP] Embed Pods Frameworks";
			outputFileListPaths = (
				"${PODS_ROOT}/Target Support Files/Pods-Weather Channel/Pods-Weather Channel-frameworks-${CONFIGURATION}-output-files.xcfilelist",
			);
			runOnlyForDeploymentPostprocessing = 0;
			shellPath = /bin/sh;
			shellScript = "\"${PODS_ROOT}/Target Support Files/Pods-Weather Channel/Pods-Weather Channel-frameworks.sh\"\n";
			showEnvVarsInLog = 0;
		};
		C584D9BA379073BA8E13A34F /* [CP] Check Pods Manifest.lock */ = {
			isa = PBXShellScriptBuildPhase;
			buildActionMask = 2147483647;
			files = (
			);
			inputFileListPaths = (
			);
			inputPaths = (
				"${PODS_PODFILE_DIR_PATH}/Podfile.lock",
				"${PODS_ROOT}/Manifest.lock",
			);
			name = "[CP] Check Pods Manifest.lock";
			outputFileListPaths = (
			);
			outputPaths = (
				"$(DERIVED_FILE_DIR)/Pods-Weather Channel-checkManifestLockResult.txt",
			);
			runOnlyForDeploymentPostprocessing = 0;
			shellPath = /bin/sh;
			shellScript = "diff \"${PODS_PODFILE_DIR_PATH}/Podfile.lock\" \"${PODS_ROOT}/Manifest.lock\" > /dev/null\nif [ $? != 0 ] ; then\n    # print error to STDERR\n    echo \"error: The sandbox is not in sync with the Podfile.lock. Run 'pod install' or update your CocoaPods installation.\" >&2\n    exit 1\nfi\n# This output is used by Xcode 'outputs' to avoid re-running this script phase.\necho \"SUCCESS\" > \"${SCRIPT_OUTPUT_FILE_0}\"\n";
			showEnvVarsInLog = 0;
		};
/* End PBXShellScriptBuildPhase section */

/* Begin PBXSourcesBuildPhase section */
		125B537D28CEFF330046B868 /* Sources */ = {
			isa = PBXSourcesBuildPhase;
			buildActionMask = 2147483647;
			files = (
				128F4F7D291A37A50004C14B /* DetailedViewModel.swift in Sources */,
				12264F0E28F66068007B10F8 /* Settings.swift in Sources */,
				128933D728FD3B0F00936BDB /* SplashScreenView.swift in Sources */,
				12264EB828F031C0007B10F8 /* SettingsView.swift in Sources */,
				12264EF628F55B22007B10F8 /* AddLocationViewModel.swift in Sources */,
				12264EBC28F032BE007B10F8 /* Store.swift in Sources */,
				12264F0828F65FF8007B10F8 /* TopNavBar.swift in Sources */,
				12264EF828F55BFA007B10F8 /* HomeScreenView.swift in Sources */,
				1282578A290121B600DA5B86 /* WelcomeView.swift in Sources */,
				12264F1428F66142007B10F8 /* FileManager.swift in Sources */,
				12264F0C28F66044007B10F8 /* AddLocation.swift in Sources */,
				12264F0228F65FB2007B10F8 /* WeatherDay.swift in Sources */,
				12264F1228F66128007B10F8 /* UserDefault.swift in Sources */,
				128F4F87291E4B870004C14B /* DailyRow.swift in Sources */,
				12264F1028F660B5007B10F8 /* Time.swift in Sources */,
				12264EFC28F65F5A007B10F8 /* CurrentLocation.swift in Sources */,
				125B538728CEFF330046B868 /* ContentView.swift in Sources */,
				128F4F7F291A37C00004C14B /* ForecastList.swift in Sources */,
				128933D928FE5AA700936BDB /* PersistenceManager.swift in Sources */,
				12264EFE28F65F7C007B10F8 /* CurrentWeather.swift in Sources */,
				120997DA2913AE35002566FE /* AddCityForecast.swift in Sources */,
				12264F0028F65F9C007B10F8 /* WeatherPane.swift in Sources */,
				125B539D28CF05B90046B868 /* API.swift in Sources */,
				128F4F81291A380A0004C14B /* DetailScreen.swift in Sources */,
				120997E12913B016002566FE /* StringExtension.swift in Sources */,
				12264F0A28F6600D007B10F8 /* About.swift in Sources */,
				12264F1628F6618B007B10F8 /* Constants.swift in Sources */,
				125B538528CEFF330046B868 /* Weather_ChannelApp.swift in Sources */,
				1282578C2901220F00DA5B86 /* Next5DaysView.swift in Sources */,
				120997DC2913AE75002566FE /* AddCityViewModel.swift in Sources */,
				128DDADF29224A0700679BB7 /* WeatherManager.swift in Sources */,
				128F4F83291A38AD0004C14B /* FailedView.swift in Sources */,
				12264EF428F55AE8007B10F8 /* weatherVM.swift in Sources */,
				128DDADD292249E000679BB7 /* MainScreen.swift in Sources */,
				120997DE2913AF06002566FE /* WebService.swift in Sources */,
				1282578E2901227300DA5B86 /* LocationManager.swift in Sources */,
				120997D82913A956002566FE /* LoadingView.swift in Sources */,
				128F4F7B291A37330004C14B /* WeatherCell.swift in Sources */,
				12264F0628F65FE5007B10F8 /* LocationList.swift in Sources */,
				125B53A528CF0F030046B868 /* Weather.swift in Sources */,
				12264EFA28F55C15007B10F8 /* AddLocationView.swift in Sources */,
			);
			runOnlyForDeploymentPostprocessing = 0;
		};
/* End PBXSourcesBuildPhase section */

/* Begin XCBuildConfiguration section */
		125B538D28CEFF380046B868 /* Debug */ = {
			isa = XCBuildConfiguration;
			buildSettings = {
				ALWAYS_SEARCH_USER_PATHS = NO;
				CLANG_ANALYZER_NONNULL = YES;
				CLANG_ANALYZER_NUMBER_OBJECT_CONVERSION = YES_AGGRESSIVE;
				CLANG_CXX_LANGUAGE_STANDARD = "gnu++17";
				CLANG_ENABLE_MODULES = YES;
				CLANG_ENABLE_OBJC_ARC = YES;
				CLANG_ENABLE_OBJC_WEAK = YES;
				CLANG_WARN_BLOCK_CAPTURE_AUTORELEASING = YES;
				CLANG_WARN_BOOL_CONVERSION = YES;
				CLANG_WARN_COMMA = YES;
				CLANG_WARN_CONSTANT_CONVERSION = YES;
				CLANG_WARN_DEPRECATED_OBJC_IMPLEMENTATIONS = YES;
				CLANG_WARN_DIRECT_OBJC_ISA_USAGE = YES_ERROR;
				CLANG_WARN_DOCUMENTATION_COMMENTS = YES;
				CLANG_WARN_EMPTY_BODY = YES;
				CLANG_WARN_ENUM_CONVERSION = YES;
				CLANG_WARN_INFINITE_RECURSION = YES;
				CLANG_WARN_INT_CONVERSION = YES;
				CLANG_WARN_NON_LITERAL_NULL_CONVERSION = YES;
				CLANG_WARN_OBJC_IMPLICIT_RETAIN_SELF = YES;
				CLANG_WARN_OBJC_LITERAL_CONVERSION = YES;
				CLANG_WARN_OBJC_ROOT_CLASS = YES_ERROR;
				CLANG_WARN_QUOTED_INCLUDE_IN_FRAMEWORK_HEADER = YES;
				CLANG_WARN_RANGE_LOOP_ANALYSIS = YES;
				CLANG_WARN_STRICT_PROTOTYPES = YES;
				CLANG_WARN_SUSPICIOUS_MOVE = YES;
				CLANG_WARN_UNGUARDED_AVAILABILITY = YES_AGGRESSIVE;
				CLANG_WARN_UNREACHABLE_CODE = YES;
				CLANG_WARN__DUPLICATE_METHOD_MATCH = YES;
				COPY_PHASE_STRIP = NO;
				DEBUG_INFORMATION_FORMAT = dwarf;
				ENABLE_STRICT_OBJC_MSGSEND = YES;
				ENABLE_TESTABILITY = YES;
				GCC_C_LANGUAGE_STANDARD = gnu11;
				GCC_DYNAMIC_NO_PIC = NO;
				GCC_NO_COMMON_BLOCKS = YES;
				GCC_OPTIMIZATION_LEVEL = 0;
				GCC_PREPROCESSOR_DEFINITIONS = (
					"DEBUG=1",
					"$(inherited)",
				);
				GCC_WARN_64_TO_32_BIT_CONVERSION = YES;
				GCC_WARN_ABOUT_RETURN_TYPE = YES_ERROR;
				GCC_WARN_UNDECLARED_SELECTOR = YES;
				GCC_WARN_UNINITIALIZED_AUTOS = YES_AGGRESSIVE;
				GCC_WARN_UNUSED_FUNCTION = YES;
				GCC_WARN_UNUSED_VARIABLE = YES;
				IPHONEOS_DEPLOYMENT_TARGET = 15.5;
				MTL_ENABLE_DEBUG_INFO = INCLUDE_SOURCE;
				MTL_FAST_MATH = YES;
				ONLY_ACTIVE_ARCH = YES;
				SDKROOT = iphoneos;
				SWIFT_ACTIVE_COMPILATION_CONDITIONS = DEBUG;
				SWIFT_OPTIMIZATION_LEVEL = "-Onone";
			};
			name = Debug;
		};
		125B538E28CEFF380046B868 /* Release */ = {
			isa = XCBuildConfiguration;
			buildSettings = {
				ALWAYS_SEARCH_USER_PATHS = NO;
				CLANG_ANALYZER_NONNULL = YES;
				CLANG_ANALYZER_NUMBER_OBJECT_CONVERSION = YES_AGGRESSIVE;
				CLANG_CXX_LANGUAGE_STANDARD = "gnu++17";
				CLANG_ENABLE_MODULES = YES;
				CLANG_ENABLE_OBJC_ARC = YES;
				CLANG_ENABLE_OBJC_WEAK = YES;
				CLANG_WARN_BLOCK_CAPTURE_AUTORELEASING = YES;
				CLANG_WARN_BOOL_CONVERSION = YES;
				CLANG_WARN_COMMA = YES;
				CLANG_WARN_CONSTANT_CONVERSION = YES;
				CLANG_WARN_DEPRECATED_OBJC_IMPLEMENTATIONS = YES;
				CLANG_WARN_DIRECT_OBJC_ISA_USAGE = YES_ERROR;
				CLANG_WARN_DOCUMENTATION_COMMENTS = YES;
				CLANG_WARN_EMPTY_BODY = YES;
				CLANG_WARN_ENUM_CONVERSION = YES;
				CLANG_WARN_INFINITE_RECURSION = YES;
				CLANG_WARN_INT_CONVERSION = YES;
				CLANG_WARN_NON_LITERAL_NULL_CONVERSION = YES;
				CLANG_WARN_OBJC_IMPLICIT_RETAIN_SELF = YES;
				CLANG_WARN_OBJC_LITERAL_CONVERSION = YES;
				CLANG_WARN_OBJC_ROOT_CLASS = YES_ERROR;
				CLANG_WARN_QUOTED_INCLUDE_IN_FRAMEWORK_HEADER = YES;
				CLANG_WARN_RANGE_LOOP_ANALYSIS = YES;
				CLANG_WARN_STRICT_PROTOTYPES = YES;
				CLANG_WARN_SUSPICIOUS_MOVE = YES;
				CLANG_WARN_UNGUARDED_AVAILABILITY = YES_AGGRESSIVE;
				CLANG_WARN_UNREACHABLE_CODE = YES;
				CLANG_WARN__DUPLICATE_METHOD_MATCH = YES;
				COPY_PHASE_STRIP = NO;
				DEBUG_INFORMATION_FORMAT = "dwarf-with-dsym";
				ENABLE_NS_ASSERTIONS = NO;
				ENABLE_STRICT_OBJC_MSGSEND = YES;
				GCC_C_LANGUAGE_STANDARD = gnu11;
				GCC_NO_COMMON_BLOCKS = YES;
				GCC_WARN_64_TO_32_BIT_CONVERSION = YES;
				GCC_WARN_ABOUT_RETURN_TYPE = YES_ERROR;
				GCC_WARN_UNDECLARED_SELECTOR = YES;
				GCC_WARN_UNINITIALIZED_AUTOS = YES_AGGRESSIVE;
				GCC_WARN_UNUSED_FUNCTION = YES;
				GCC_WARN_UNUSED_VARIABLE = YES;
				IPHONEOS_DEPLOYMENT_TARGET = 15.5;
				MTL_ENABLE_DEBUG_INFO = NO;
				MTL_FAST_MATH = YES;
				SDKROOT = iphoneos;
				SWIFT_COMPILATION_MODE = wholemodule;
				SWIFT_OPTIMIZATION_LEVEL = "-O";
				VALIDATE_PRODUCT = YES;
			};
			name = Release;
		};
		125B539028CEFF380046B868 /* Debug */ = {
			isa = XCBuildConfiguration;
			baseConfigurationReference = 750DCF85BFCF4007C08F29CD /* Pods-Weather Channel.debug.xcconfig */;
			buildSettings = {
				ASSETCATALOG_COMPILER_APPICON_NAME = AppIcon;
				ASSETCATALOG_COMPILER_GLOBAL_ACCENT_COLOR_NAME = AccentColor;
				CODE_SIGN_STYLE = Automatic;
				CURRENT_PROJECT_VERSION = 1;
				DEVELOPMENT_ASSET_PATHS = "Weather\\ Channel/Preview\\ Content";
				DEVELOPMENT_TEAM = T4PWL7RMS7;
				ENABLE_BITCODE = YES;
				ENABLE_PREVIEWS = YES;
				GENERATE_INFOPLIST_FILE = YES;
				INFOPLIST_FILE = "Weather-Channel-Info.plist";
				INFOPLIST_KEY_NSLocationAlwaysAndWhenInUseUsageDescription = "This app requires your loaction";
				INFOPLIST_KEY_NSLocationWhenInUseUsageDescription = "This app requires your loaction";
				INFOPLIST_KEY_UIApplicationSceneManifest_Generation = YES;
				INFOPLIST_KEY_UIApplicationSupportsIndirectInputEvents = YES;
				INFOPLIST_KEY_UILaunchScreen_Generation = YES;
				INFOPLIST_KEY_UISupportedInterfaceOrientations_iPad = "UIInterfaceOrientationPortrait UIInterfaceOrientationPortraitUpsideDown UIInterfaceOrientationLandscapeLeft UIInterfaceOrientationLandscapeRight";
				INFOPLIST_KEY_UISupportedInterfaceOrientations_iPhone = "UIInterfaceOrientationPortrait UIInterfaceOrientationLandscapeLeft UIInterfaceOrientationLandscapeRight";
				LD_RUNPATH_SEARCH_PATHS = (
					"$(inherited)",
					"@executable_path/Frameworks",
				);
				MARKETING_VERSION = 1.0;
				PRODUCT_BUNDLE_IDENTIFIER = "com.accenture.Weather-Channel";
				PRODUCT_NAME = "$(TARGET_NAME)";
				SWIFT_EMIT_LOC_STRINGS = YES;
				SWIFT_VERSION = 5.0;
				TARGETED_DEVICE_FAMILY = "1,2";
			};
			name = Debug;
		};
		125B539128CEFF380046B868 /* Release */ = {
			isa = XCBuildConfiguration;
			baseConfigurationReference = 5A31A178568315D703005227 /* Pods-Weather Channel.release.xcconfig */;
			buildSettings = {
				ASSETCATALOG_COMPILER_APPICON_NAME = AppIcon;
				ASSETCATALOG_COMPILER_GLOBAL_ACCENT_COLOR_NAME = AccentColor;
				CODE_SIGN_STYLE = Automatic;
				CURRENT_PROJECT_VERSION = 1;
				DEVELOPMENT_ASSET_PATHS = "Weather\\ Channel/Preview\\ Content";
				DEVELOPMENT_TEAM = T4PWL7RMS7;
				ENABLE_BITCODE = YES;
				ENABLE_PREVIEWS = YES;
				GENERATE_INFOPLIST_FILE = YES;
				INFOPLIST_FILE = "Weather-Channel-Info.plist";
				INFOPLIST_KEY_NSLocationAlwaysAndWhenInUseUsageDescription = "This app requires your loaction";
				INFOPLIST_KEY_NSLocationWhenInUseUsageDescription = "This app requires your loaction";
				INFOPLIST_KEY_UIApplicationSceneManifest_Generation = YES;
				INFOPLIST_KEY_UIApplicationSupportsIndirectInputEvents = YES;
				INFOPLIST_KEY_UILaunchScreen_Generation = YES;
				INFOPLIST_KEY_UISupportedInterfaceOrientations_iPad = "UIInterfaceOrientationPortrait UIInterfaceOrientationPortraitUpsideDown UIInterfaceOrientationLandscapeLeft UIInterfaceOrientationLandscapeRight";
				INFOPLIST_KEY_UISupportedInterfaceOrientations_iPhone = "UIInterfaceOrientationPortrait UIInterfaceOrientationLandscapeLeft UIInterfaceOrientationLandscapeRight";
				LD_RUNPATH_SEARCH_PATHS = (
					"$(inherited)",
					"@executable_path/Frameworks",
				);
				MARKETING_VERSION = 1.0;
				PRODUCT_BUNDLE_IDENTIFIER = "com.accenture.Weather-Channel";
				PRODUCT_NAME = "$(TARGET_NAME)";
				SWIFT_EMIT_LOC_STRINGS = YES;
				SWIFT_VERSION = 5.0;
				TARGETED_DEVICE_FAMILY = "1,2";
			};
			name = Release;
		};
/* End XCBuildConfiguration section */

/* Begin XCConfigurationList section */
		125B537C28CEFF330046B868 /* Build configuration list for PBXProject "Weather Channel" */ = {
			isa = XCConfigurationList;
			buildConfigurations = (
				125B538D28CEFF380046B868 /* Debug */,
				125B538E28CEFF380046B868 /* Release */,
			);
			defaultConfigurationIsVisible = 0;
			defaultConfigurationName = Release;
		};
		125B538F28CEFF380046B868 /* Build configuration list for PBXNativeTarget "Weather Channel" */ = {
			isa = XCConfigurationList;
			buildConfigurations = (
				125B539028CEFF380046B868 /* Debug */,
				125B539128CEFF380046B868 /* Release */,
			);
			defaultConfigurationIsVisible = 0;
			defaultConfigurationName = Release;
		};
/* End XCConfigurationList section */
	};
	rootObject = 125B537928CEFF330046B868 /* Project object */;
}
